// !$*UTF8*$!
{
	archiveVersion = 1;
	classes = {
	};
	objectVersion = 56;
	objects = {

/* Begin PBXBuildFile section */
		E9081F262C5CC1FB0086685D /* BookRepositoryTests.swift in Sources */ = {isa = PBXBuildFile; fileRef = E9081F252C5CC1FB0086685D /* BookRepositoryTests.swift */; };
		E9081F292C5CC2560086685D /* MockURLProtocol.swift in Sources */ = {isa = PBXBuildFile; fileRef = E9081F282C5CC2560086685D /* MockURLProtocol.swift */; };
		E9081F2B2C5CC5500086685D /* SearchResponseMock.swift in Sources */ = {isa = PBXBuildFile; fileRef = E9081F2A2C5CC5500086685D /* SearchResponseMock.swift */; };
		E9081F2F2C5CCE9A0086685D /* HomeListViewCell.swift in Sources */ = {isa = PBXBuildFile; fileRef = E9081F2E2C5CCE9A0086685D /* HomeListViewCell.swift */; };
		E9081F312C5CD0840086685D /* HomeListView.swift in Sources */ = {isa = PBXBuildFile; fileRef = E9081F302C5CD0840086685D /* HomeListView.swift */; };
		E9081F342C5CD1340086685D /* DefaultLabel.swift in Sources */ = {isa = PBXBuildFile; fileRef = E9081F332C5CD1340086685D /* DefaultLabel.swift */; };
		E9081F362C5CD22E0086685D /* HomeListBuilder.swift in Sources */ = {isa = PBXBuildFile; fileRef = E9081F352C5CD22E0086685D /* HomeListBuilder.swift */; };
		E9081F382C5CD2960086685D /* HomeListInteractor.swift in Sources */ = {isa = PBXBuildFile; fileRef = E9081F372C5CD2960086685D /* HomeListInteractor.swift */; };
		E9081F3C2C5CD47E0086685D /* HomeBuilder.swift in Sources */ = {isa = PBXBuildFile; fileRef = E9081F3B2C5CD47E0086685D /* HomeBuilder.swift */; };
		E9081F3E2C5CD4D00086685D /* HomeInteractor.swift in Sources */ = {isa = PBXBuildFile; fileRef = E9081F3D2C5CD4D00086685D /* HomeInteractor.swift */; };
		E9081F412C5CE8940086685D /* Debouncer.swift in Sources */ = {isa = PBXBuildFile; fileRef = E9081F402C5CE8940086685D /* Debouncer.swift */; };
		E9081F462C5CE8EC0086685D /* HomeListViewTests.swift in Sources */ = {isa = PBXBuildFile; fileRef = E9081F452C5CE8EC0086685D /* HomeListViewTests.swift */; };
		E9081F482C5CE9F80086685D /* HomeListMock.swift in Sources */ = {isa = PBXBuildFile; fileRef = E9081F472C5CE9F80086685D /* HomeListMock.swift */; };
		E9081F4A2C5CEBD80086685D /* HomeListInteractorTests.swift in Sources */ = {isa = PBXBuildFile; fileRef = E9081F492C5CEBD80086685D /* HomeListInteractorTests.swift */; };
		E9081F4C2C5CEC500086685D /* BookRepositoryMock.swift in Sources */ = {isa = PBXBuildFile; fileRef = E9081F4B2C5CEC500086685D /* BookRepositoryMock.swift */; };
		E9081F4E2C5CF0CE0086685D /* DebouncerMock.swift in Sources */ = {isa = PBXBuildFile; fileRef = E9081F4D2C5CF0CE0086685D /* DebouncerMock.swift */; };
		E9081F502C5CF3F90086685D /* DebouncerTests.swift in Sources */ = {isa = PBXBuildFile; fileRef = E9081F4F2C5CF3F90086685D /* DebouncerTests.swift */; };
		E9081F532C5CF7EA0086685D /* ImageCache.swift in Sources */ = {isa = PBXBuildFile; fileRef = E9081F522C5CF7EA0086685D /* ImageCache.swift */; };
		E9081F552C5CF9390086685D /* CacheStorage.swift in Sources */ = {isa = PBXBuildFile; fileRef = E9081F542C5CF9390086685D /* CacheStorage.swift */; };
		E9081F572C5CF9880086685D /* MemoryStorage.swift in Sources */ = {isa = PBXBuildFile; fileRef = E9081F562C5CF9880086685D /* MemoryStorage.swift */; };
		E9081F592C5CFACD0086685D /* DiskStorage.swift in Sources */ = {isa = PBXBuildFile; fileRef = E9081F582C5CFACD0086685D /* DiskStorage.swift */; };
		E9081F5C2C5CFCA20086685D /* ImageCacheTests.swift in Sources */ = {isa = PBXBuildFile; fileRef = E9081F5B2C5CFCA20086685D /* ImageCacheTests.swift */; };
		E9081F5E2C5CFCC40086685D /* MemoryStorageTests.swift in Sources */ = {isa = PBXBuildFile; fileRef = E9081F5D2C5CFCC40086685D /* MemoryStorageTests.swift */; };
		E9081F602C5CFCEE0086685D /* DiskStorageTests.swift in Sources */ = {isa = PBXBuildFile; fileRef = E9081F5F2C5CFCEE0086685D /* DiskStorageTests.swift */; };
		E9081F622C5CFD100086685D /* CacheMock.swift in Sources */ = {isa = PBXBuildFile; fileRef = E9081F612C5CFD100086685D /* CacheMock.swift */; };
		E9081F642C5D00350086685D /* ImageLoader.swift in Sources */ = {isa = PBXBuildFile; fileRef = E9081F632C5D00350086685D /* ImageLoader.swift */; };
		E9081F662C5D03770086685D /* ImageLoaderTests.swift in Sources */ = {isa = PBXBuildFile; fileRef = E9081F652C5D03770086685D /* ImageLoaderTests.swift */; };
		E9081F682C5D304C0086685D /* Array+Extension.swift in Sources */ = {isa = PBXBuildFile; fileRef = E9081F672C5D304C0086685D /* Array+Extension.swift */; };
		E9081F6A2C5D32710086685D /* HomeRouter.swift in Sources */ = {isa = PBXBuildFile; fileRef = E9081F692C5D32710086685D /* HomeRouter.swift */; };
		E9081F6D2C5D32B50086685D /* DetailBuilder.swift in Sources */ = {isa = PBXBuildFile; fileRef = E9081F6C2C5D32B50086685D /* DetailBuilder.swift */; };
		E9081F702C5D37580086685D /* HomeViewControllerTests.swift in Sources */ = {isa = PBXBuildFile; fileRef = E9081F6F2C5D37580086685D /* HomeViewControllerTests.swift */; };
		E9081F722C5D37D20086685D /* HomeMock.swift in Sources */ = {isa = PBXBuildFile; fileRef = E9081F712C5D37D20086685D /* HomeMock.swift */; };
		E9081F742C5D38240086685D /* HomeInteractorTests.swift in Sources */ = {isa = PBXBuildFile; fileRef = E9081F732C5D38240086685D /* HomeInteractorTests.swift */; };
		E9081F762C5D38E90086685D /* HomeRouterTests.swift in Sources */ = {isa = PBXBuildFile; fileRef = E9081F752C5D38E90086685D /* HomeRouterTests.swift */; };
		E9081F782C5D3BC20086685D /* DetailViewController.swift in Sources */ = {isa = PBXBuildFile; fileRef = E9081F772C5D3BC20086685D /* DetailViewController.swift */; };
		E9081F7A2C5D465A0086685D /* DetailInteractor.swift in Sources */ = {isa = PBXBuildFile; fileRef = E9081F792C5D465A0086685D /* DetailInteractor.swift */; };
		E9081F7C2C5D51F30086685D /* DetailRouter.swift in Sources */ = {isa = PBXBuildFile; fileRef = E9081F7B2C5D51F30086685D /* DetailRouter.swift */; };
		E917DE042C5BE029005C35F1 /* AppDelegate.swift in Sources */ = {isa = PBXBuildFile; fileRef = E917DE032C5BE029005C35F1 /* AppDelegate.swift */; };
		E917DE062C5BE029005C35F1 /* SceneDelegate.swift in Sources */ = {isa = PBXBuildFile; fileRef = E917DE052C5BE029005C35F1 /* SceneDelegate.swift */; };
		E917DE0D2C5BE029005C35F1 /* Assets.xcassets in Resources */ = {isa = PBXBuildFile; fileRef = E917DE0C2C5BE029005C35F1 /* Assets.xcassets */; };
		E917DE102C5BE029005C35F1 /* LaunchScreen.storyboard in Resources */ = {isa = PBXBuildFile; fileRef = E917DE0E2C5BE029005C35F1 /* LaunchScreen.storyboard */; };
		E917DE382C5BE2C1005C35F1 /* HomeViewController.swift in Sources */ = {isa = PBXBuildFile; fileRef = E917DE372C5BE2C1005C35F1 /* HomeViewController.swift */; };
		E917DE3C2C5CB9C0005C35F1 /* BookRepository.swift in Sources */ = {isa = PBXBuildFile; fileRef = E917DE3B2C5CB9C0005C35F1 /* BookRepository.swift */; };
		E917DE3F2C5CBA65005C35F1 /* SearchDTO.swift in Sources */ = {isa = PBXBuildFile; fileRef = E917DE3E2C5CBA65005C35F1 /* SearchDTO.swift */; };
		E917DE422C5CBAEC005C35F1 /* BookApi.swift in Sources */ = {isa = PBXBuildFile; fileRef = E917DE412C5CBAEC005C35F1 /* BookApi.swift */; };
		E917DE442C5CBB0D005C35F1 /* TargetType.swift in Sources */ = {isa = PBXBuildFile; fileRef = E917DE432C5CBB0D005C35F1 /* TargetType.swift */; };
		E917DE462C5CBB8D005C35F1 /* Provider.swift in Sources */ = {isa = PBXBuildFile; fileRef = E917DE452C5CBB8D005C35F1 /* Provider.swift */; };
		E917DE482C5CC05E005C35F1 /* DetailDTO.swift in Sources */ = {isa = PBXBuildFile; fileRef = E917DE472C5CC05E005C35F1 /* DetailDTO.swift */; };
/* End PBXBuildFile section */

/* Begin PBXContainerItemProxy section */
		E917DE172C5BE029005C35F1 /* PBXContainerItemProxy */ = {
			isa = PBXContainerItemProxy;
			containerPortal = E917DDF82C5BE029005C35F1 /* Project object */;
			proxyType = 1;
			remoteGlobalIDString = E917DDFF2C5BE029005C35F1;
			remoteInfo = BookSearch;
		};
/* End PBXContainerItemProxy section */

/* Begin PBXFileReference section */
		E9081F252C5CC1FB0086685D /* BookRepositoryTests.swift */ = {isa = PBXFileReference; lastKnownFileType = sourcecode.swift; path = BookRepositoryTests.swift; sourceTree = "<group>"; };
		E9081F282C5CC2560086685D /* MockURLProtocol.swift */ = {isa = PBXFileReference; lastKnownFileType = sourcecode.swift; path = MockURLProtocol.swift; sourceTree = "<group>"; };
		E9081F2A2C5CC5500086685D /* SearchResponseMock.swift */ = {isa = PBXFileReference; lastKnownFileType = sourcecode.swift; path = SearchResponseMock.swift; sourceTree = "<group>"; };
		E9081F2E2C5CCE9A0086685D /* HomeListViewCell.swift */ = {isa = PBXFileReference; lastKnownFileType = sourcecode.swift; path = HomeListViewCell.swift; sourceTree = "<group>"; };
		E9081F302C5CD0840086685D /* HomeListView.swift */ = {isa = PBXFileReference; lastKnownFileType = sourcecode.swift; path = HomeListView.swift; sourceTree = "<group>"; };
		E9081F332C5CD1340086685D /* DefaultLabel.swift */ = {isa = PBXFileReference; lastKnownFileType = sourcecode.swift; path = DefaultLabel.swift; sourceTree = "<group>"; };
		E9081F352C5CD22E0086685D /* HomeListBuilder.swift */ = {isa = PBXFileReference; lastKnownFileType = sourcecode.swift; path = HomeListBuilder.swift; sourceTree = "<group>"; };
		E9081F372C5CD2960086685D /* HomeListInteractor.swift */ = {isa = PBXFileReference; lastKnownFileType = sourcecode.swift; path = HomeListInteractor.swift; sourceTree = "<group>"; };
		E9081F3B2C5CD47E0086685D /* HomeBuilder.swift */ = {isa = PBXFileReference; lastKnownFileType = sourcecode.swift; path = HomeBuilder.swift; sourceTree = "<group>"; };
		E9081F3D2C5CD4D00086685D /* HomeInteractor.swift */ = {isa = PBXFileReference; lastKnownFileType = sourcecode.swift; path = HomeInteractor.swift; sourceTree = "<group>"; };
		E9081F402C5CE8940086685D /* Debouncer.swift */ = {isa = PBXFileReference; lastKnownFileType = sourcecode.swift; path = Debouncer.swift; sourceTree = "<group>"; };
		E9081F452C5CE8EC0086685D /* HomeListViewTests.swift */ = {isa = PBXFileReference; lastKnownFileType = sourcecode.swift; path = HomeListViewTests.swift; sourceTree = "<group>"; };
		E9081F472C5CE9F80086685D /* HomeListMock.swift */ = {isa = PBXFileReference; lastKnownFileType = sourcecode.swift; path = HomeListMock.swift; sourceTree = "<group>"; };
		E9081F492C5CEBD80086685D /* HomeListInteractorTests.swift */ = {isa = PBXFileReference; lastKnownFileType = sourcecode.swift; path = HomeListInteractorTests.swift; sourceTree = "<group>"; };
		E9081F4B2C5CEC500086685D /* BookRepositoryMock.swift */ = {isa = PBXFileReference; lastKnownFileType = sourcecode.swift; path = BookRepositoryMock.swift; sourceTree = "<group>"; };
		E9081F4D2C5CF0CE0086685D /* DebouncerMock.swift */ = {isa = PBXFileReference; lastKnownFileType = sourcecode.swift; path = DebouncerMock.swift; sourceTree = "<group>"; };
		E9081F4F2C5CF3F90086685D /* DebouncerTests.swift */ = {isa = PBXFileReference; lastKnownFileType = sourcecode.swift; path = DebouncerTests.swift; sourceTree = "<group>"; };
		E9081F522C5CF7EA0086685D /* ImageCache.swift */ = {isa = PBXFileReference; lastKnownFileType = sourcecode.swift; path = ImageCache.swift; sourceTree = "<group>"; };
		E9081F542C5CF9390086685D /* CacheStorage.swift */ = {isa = PBXFileReference; lastKnownFileType = sourcecode.swift; path = CacheStorage.swift; sourceTree = "<group>"; };
		E9081F562C5CF9880086685D /* MemoryStorage.swift */ = {isa = PBXFileReference; lastKnownFileType = sourcecode.swift; path = MemoryStorage.swift; sourceTree = "<group>"; };
		E9081F582C5CFACD0086685D /* DiskStorage.swift */ = {isa = PBXFileReference; lastKnownFileType = sourcecode.swift; path = DiskStorage.swift; sourceTree = "<group>"; };
		E9081F5B2C5CFCA20086685D /* ImageCacheTests.swift */ = {isa = PBXFileReference; lastKnownFileType = sourcecode.swift; path = ImageCacheTests.swift; sourceTree = "<group>"; };
		E9081F5D2C5CFCC40086685D /* MemoryStorageTests.swift */ = {isa = PBXFileReference; lastKnownFileType = sourcecode.swift; path = MemoryStorageTests.swift; sourceTree = "<group>"; };
		E9081F5F2C5CFCEE0086685D /* DiskStorageTests.swift */ = {isa = PBXFileReference; lastKnownFileType = sourcecode.swift; path = DiskStorageTests.swift; sourceTree = "<group>"; };
		E9081F612C5CFD100086685D /* CacheMock.swift */ = {isa = PBXFileReference; lastKnownFileType = sourcecode.swift; path = CacheMock.swift; sourceTree = "<group>"; };
		E9081F632C5D00350086685D /* ImageLoader.swift */ = {isa = PBXFileReference; lastKnownFileType = sourcecode.swift; path = ImageLoader.swift; sourceTree = "<group>"; };
		E9081F652C5D03770086685D /* ImageLoaderTests.swift */ = {isa = PBXFileReference; lastKnownFileType = sourcecode.swift; path = ImageLoaderTests.swift; sourceTree = "<group>"; };
		E9081F672C5D304C0086685D /* Array+Extension.swift */ = {isa = PBXFileReference; lastKnownFileType = sourcecode.swift; path = "Array+Extension.swift"; sourceTree = "<group>"; };
		E9081F692C5D32710086685D /* HomeRouter.swift */ = {isa = PBXFileReference; lastKnownFileType = sourcecode.swift; path = HomeRouter.swift; sourceTree = "<group>"; };
		E9081F6C2C5D32B50086685D /* DetailBuilder.swift */ = {isa = PBXFileReference; lastKnownFileType = sourcecode.swift; path = DetailBuilder.swift; sourceTree = "<group>"; };
		E9081F6E2C5D36F30086685D /* BookSearch.xctestplan */ = {isa = PBXFileReference; lastKnownFileType = text; path = BookSearch.xctestplan; sourceTree = "<group>"; };
		E9081F6F2C5D37580086685D /* HomeViewControllerTests.swift */ = {isa = PBXFileReference; lastKnownFileType = sourcecode.swift; path = HomeViewControllerTests.swift; sourceTree = "<group>"; };
		E9081F712C5D37D20086685D /* HomeMock.swift */ = {isa = PBXFileReference; lastKnownFileType = sourcecode.swift; path = HomeMock.swift; sourceTree = "<group>"; };
		E9081F732C5D38240086685D /* HomeInteractorTests.swift */ = {isa = PBXFileReference; lastKnownFileType = sourcecode.swift; path = HomeInteractorTests.swift; sourceTree = "<group>"; };
		E9081F752C5D38E90086685D /* HomeRouterTests.swift */ = {isa = PBXFileReference; lastKnownFileType = sourcecode.swift; path = HomeRouterTests.swift; sourceTree = "<group>"; };
		E9081F772C5D3BC20086685D /* DetailViewController.swift */ = {isa = PBXFileReference; lastKnownFileType = sourcecode.swift; path = DetailViewController.swift; sourceTree = "<group>"; };
		E9081F792C5D465A0086685D /* DetailInteractor.swift */ = {isa = PBXFileReference; lastKnownFileType = sourcecode.swift; path = DetailInteractor.swift; sourceTree = "<group>"; };
		E9081F7B2C5D51F30086685D /* DetailRouter.swift */ = {isa = PBXFileReference; lastKnownFileType = sourcecode.swift; path = DetailRouter.swift; sourceTree = "<group>"; };
		E917DE002C5BE029005C35F1 /* BookSearch.app */ = {isa = PBXFileReference; explicitFileType = wrapper.application; includeInIndex = 0; path = BookSearch.app; sourceTree = BUILT_PRODUCTS_DIR; };
		E917DE032C5BE029005C35F1 /* AppDelegate.swift */ = {isa = PBXFileReference; lastKnownFileType = sourcecode.swift; path = AppDelegate.swift; sourceTree = "<group>"; };
		E917DE052C5BE029005C35F1 /* SceneDelegate.swift */ = {isa = PBXFileReference; lastKnownFileType = sourcecode.swift; path = SceneDelegate.swift; sourceTree = "<group>"; };
		E917DE0C2C5BE029005C35F1 /* Assets.xcassets */ = {isa = PBXFileReference; lastKnownFileType = folder.assetcatalog; path = Assets.xcassets; sourceTree = "<group>"; };
		E917DE0F2C5BE029005C35F1 /* Base */ = {isa = PBXFileReference; lastKnownFileType = file.storyboard; name = Base; path = Base.lproj/LaunchScreen.storyboard; sourceTree = "<group>"; };
		E917DE112C5BE029005C35F1 /* Info.plist */ = {isa = PBXFileReference; lastKnownFileType = text.plist.xml; path = Info.plist; sourceTree = "<group>"; };
		E917DE162C5BE029005C35F1 /* BookSearchTests.xctest */ = {isa = PBXFileReference; explicitFileType = wrapper.cfbundle; includeInIndex = 0; path = BookSearchTests.xctest; sourceTree = BUILT_PRODUCTS_DIR; };
		E917DE372C5BE2C1005C35F1 /* HomeViewController.swift */ = {isa = PBXFileReference; lastKnownFileType = sourcecode.swift; path = HomeViewController.swift; sourceTree = "<group>"; };
		E917DE3B2C5CB9C0005C35F1 /* BookRepository.swift */ = {isa = PBXFileReference; lastKnownFileType = sourcecode.swift; path = BookRepository.swift; sourceTree = "<group>"; };
		E917DE3E2C5CBA65005C35F1 /* SearchDTO.swift */ = {isa = PBXFileReference; lastKnownFileType = sourcecode.swift; path = SearchDTO.swift; sourceTree = "<group>"; };
		E917DE412C5CBAEC005C35F1 /* BookApi.swift */ = {isa = PBXFileReference; lastKnownFileType = sourcecode.swift; path = BookApi.swift; sourceTree = "<group>"; };
		E917DE432C5CBB0D005C35F1 /* TargetType.swift */ = {isa = PBXFileReference; lastKnownFileType = sourcecode.swift; path = TargetType.swift; sourceTree = "<group>"; };
		E917DE452C5CBB8D005C35F1 /* Provider.swift */ = {isa = PBXFileReference; lastKnownFileType = sourcecode.swift; path = Provider.swift; sourceTree = "<group>"; };
		E917DE472C5CC05E005C35F1 /* DetailDTO.swift */ = {isa = PBXFileReference; lastKnownFileType = sourcecode.swift; path = DetailDTO.swift; sourceTree = "<group>"; };
/* End PBXFileReference section */

/* Begin PBXFrameworksBuildPhase section */
		E917DDFD2C5BE029005C35F1 /* Frameworks */ = {
			isa = PBXFrameworksBuildPhase;
			buildActionMask = 2147483647;
			files = (
			);
			runOnlyForDeploymentPostprocessing = 0;
		};
		E917DE132C5BE029005C35F1 /* Frameworks */ = {
			isa = PBXFrameworksBuildPhase;
			buildActionMask = 2147483647;
			files = (
			);
			runOnlyForDeploymentPostprocessing = 0;
		};
/* End PBXFrameworksBuildPhase section */

/* Begin PBXGroup section */
		E9081F212C5CC1D40086685D /* DomainTests */ = {
			isa = PBXGroup;
			children = (
				E9081F5A2C5CFC8B0086685D /* CacheTests */,
				E9081F4B2C5CEC500086685D /* BookRepositoryMock.swift */,
				E9081F2A2C5CC5500086685D /* SearchResponseMock.swift */,
				E9081F252C5CC1FB0086685D /* BookRepositoryTests.swift */,
				E9081F652C5D03770086685D /* ImageLoaderTests.swift */,
			);
			path = DomainTests;
			sourceTree = "<group>";
		};
		E9081F272C5CC2490086685D /* Helper */ = {
			isa = PBXGroup;
			children = (
				E9081F4D2C5CF0CE0086685D /* DebouncerMock.swift */,
				E9081F282C5CC2560086685D /* MockURLProtocol.swift */,
			);
			path = Helper;
			sourceTree = "<group>";
		};
		E9081F2D2C5CCE900086685D /* ListView */ = {
			isa = PBXGroup;
			children = (
				E9081F2E2C5CCE9A0086685D /* HomeListViewCell.swift */,
				E9081F302C5CD0840086685D /* HomeListView.swift */,
				E9081F352C5CD22E0086685D /* HomeListBuilder.swift */,
				E9081F372C5CD2960086685D /* HomeListInteractor.swift */,
			);
			path = ListView;
			sourceTree = "<group>";
		};
		E9081F322C5CD12E0086685D /* CommonUI */ = {
			isa = PBXGroup;
			children = (
				E9081F332C5CD1340086685D /* DefaultLabel.swift */,
			);
			path = CommonUI;
			sourceTree = "<group>";
		};
		E9081F3F2C5CE88E0086685D /* Utils */ = {
			isa = PBXGroup;
			children = (
				E9081F402C5CE8940086685D /* Debouncer.swift */,
				E9081F672C5D304C0086685D /* Array+Extension.swift */,
			);
			path = Utils;
			sourceTree = "<group>";
		};
		E9081F422C5CE8CA0086685D /* ScreenTests */ = {
			isa = PBXGroup;
			children = (
				E9081F432C5CE8D20086685D /* Home */,
			);
			path = ScreenTests;
			sourceTree = "<group>";
		};
		E9081F432C5CE8D20086685D /* Home */ = {
			isa = PBXGroup;
			children = (
				E9081F442C5CE8DF0086685D /* ListView */,
				E9081F6F2C5D37580086685D /* HomeViewControllerTests.swift */,
				E9081F752C5D38E90086685D /* HomeRouterTests.swift */,
				E9081F732C5D38240086685D /* HomeInteractorTests.swift */,
				E9081F712C5D37D20086685D /* HomeMock.swift */,
			);
			path = Home;
			sourceTree = "<group>";
		};
		E9081F442C5CE8DF0086685D /* ListView */ = {
			isa = PBXGroup;
			children = (
				E9081F452C5CE8EC0086685D /* HomeListViewTests.swift */,
				E9081F472C5CE9F80086685D /* HomeListMock.swift */,
				E9081F492C5CEBD80086685D /* HomeListInteractorTests.swift */,
			);
			path = ListView;
			sourceTree = "<group>";
		};
		E9081F512C5CF7DF0086685D /* ImageCache */ = {
			isa = PBXGroup;
			children = (
				E9081F522C5CF7EA0086685D /* ImageCache.swift */,
				E9081F542C5CF9390086685D /* CacheStorage.swift */,
				E9081F562C5CF9880086685D /* MemoryStorage.swift */,
				E9081F582C5CFACD0086685D /* DiskStorage.swift */,
			);
			path = ImageCache;
			sourceTree = "<group>";
		};
		E9081F5A2C5CFC8B0086685D /* CacheTests */ = {
			isa = PBXGroup;
			children = (
				E9081F5B2C5CFCA20086685D /* ImageCacheTests.swift */,
				E9081F5F2C5CFCEE0086685D /* DiskStorageTests.swift */,
				E9081F5D2C5CFCC40086685D /* MemoryStorageTests.swift */,
				E9081F612C5CFD100086685D /* CacheMock.swift */,
			);
			path = CacheTests;
			sourceTree = "<group>";
		};
		E9081F6B2C5D32A90086685D /* Detail */ = {
			isa = PBXGroup;
			children = (
				E9081F6C2C5D32B50086685D /* DetailBuilder.swift */,
				E9081F772C5D3BC20086685D /* DetailViewController.swift */,
				E9081F7B2C5D51F30086685D /* DetailRouter.swift */,
				E9081F792C5D465A0086685D /* DetailInteractor.swift */,
			);
			path = Detail;
			sourceTree = "<group>";
		};
		E917DDF72C5BE029005C35F1 = {
			isa = PBXGroup;
			children = (
				E9081F6E2C5D36F30086685D /* BookSearch.xctestplan */,
				E917DE022C5BE029005C35F1 /* BookSearch */,
				E917DE192C5BE029005C35F1 /* BookSearchTests */,
				E917DE012C5BE029005C35F1 /* Products */,
			);
			sourceTree = "<group>";
		};
		E917DE012C5BE029005C35F1 /* Products */ = {
			isa = PBXGroup;
			children = (
				E917DE002C5BE029005C35F1 /* BookSearch.app */,
				E917DE162C5BE029005C35F1 /* BookSearchTests.xctest */,
			);
			name = Products;
			sourceTree = "<group>";
		};
		E917DE022C5BE029005C35F1 /* BookSearch */ = {
			isa = PBXGroup;
			children = (
				E9081F3F2C5CE88E0086685D /* Utils */,
				E917DE392C5CB9B6005C35F1 /* Domain */,
				E917DE352C5BE2A9005C35F1 /* Screens */,
				E917DE032C5BE029005C35F1 /* AppDelegate.swift */,
				E917DE052C5BE029005C35F1 /* SceneDelegate.swift */,
				E917DE0C2C5BE029005C35F1 /* Assets.xcassets */,
				E917DE0E2C5BE029005C35F1 /* LaunchScreen.storyboard */,
				E917DE112C5BE029005C35F1 /* Info.plist */,
			);
			path = BookSearch;
			sourceTree = "<group>";
		};
		E917DE192C5BE029005C35F1 /* BookSearchTests */ = {
			isa = PBXGroup;
			children = (
				E9081F4F2C5CF3F90086685D /* DebouncerTests.swift */,
				E9081F422C5CE8CA0086685D /* ScreenTests */,
				E9081F272C5CC2490086685D /* Helper */,
				E9081F212C5CC1D40086685D /* DomainTests */,
			);
			path = BookSearchTests;
			sourceTree = "<group>";
		};
		E917DE352C5BE2A9005C35F1 /* Screens */ = {
			isa = PBXGroup;
			children = (
				E9081F6B2C5D32A90086685D /* Detail */,
				E9081F322C5CD12E0086685D /* CommonUI */,
				E917DE362C5BE2B0005C35F1 /* Home */,
			);
			path = Screens;
			sourceTree = "<group>";
		};
		E917DE362C5BE2B0005C35F1 /* Home */ = {
			isa = PBXGroup;
			children = (
				E9081F2D2C5CCE900086685D /* ListView */,
				E917DE372C5BE2C1005C35F1 /* HomeViewController.swift */,
				E9081F3B2C5CD47E0086685D /* HomeBuilder.swift */,
				E9081F3D2C5CD4D00086685D /* HomeInteractor.swift */,
				E9081F692C5D32710086685D /* HomeRouter.swift */,
			);
			path = Home;
			sourceTree = "<group>";
		};
		E917DE392C5CB9B6005C35F1 /* Domain */ = {
			isa = PBXGroup;
			children = (
				E9081F512C5CF7DF0086685D /* ImageCache */,
				E917DE3D2C5CB9E4005C35F1 /* DTO */,
				E917DE402C5CBAE6005C35F1 /* Network */,
				E917DE3A2C5CB9B9005C35F1 /* Repository */,
				E9081F632C5D00350086685D /* ImageLoader.swift */,
			);
			path = Domain;
			sourceTree = "<group>";
		};
		E917DE3A2C5CB9B9005C35F1 /* Repository */ = {
			isa = PBXGroup;
			children = (
				E917DE3B2C5CB9C0005C35F1 /* BookRepository.swift */,
			);
			path = Repository;
			sourceTree = "<group>";
		};
		E917DE3D2C5CB9E4005C35F1 /* DTO */ = {
			isa = PBXGroup;
			children = (
				E917DE3E2C5CBA65005C35F1 /* SearchDTO.swift */,
				E917DE472C5CC05E005C35F1 /* DetailDTO.swift */,
			);
			path = DTO;
			sourceTree = "<group>";
		};
		E917DE402C5CBAE6005C35F1 /* Network */ = {
			isa = PBXGroup;
			children = (
				E917DE452C5CBB8D005C35F1 /* Provider.swift */,
				E917DE412C5CBAEC005C35F1 /* BookApi.swift */,
				E917DE432C5CBB0D005C35F1 /* TargetType.swift */,
			);
			path = Network;
			sourceTree = "<group>";
		};
/* End PBXGroup section */

/* Begin PBXNativeTarget section */
		E917DDFF2C5BE029005C35F1 /* BookSearch */ = {
			isa = PBXNativeTarget;
			buildConfigurationList = E917DE2A2C5BE02A005C35F1 /* Build configuration list for PBXNativeTarget "BookSearch" */;
			buildPhases = (
				E917DDFC2C5BE029005C35F1 /* Sources */,
				E917DDFD2C5BE029005C35F1 /* Frameworks */,
				E917DDFE2C5BE029005C35F1 /* Resources */,
			);
			buildRules = (
			);
			dependencies = (
			);
			name = BookSearch;
			productName = BookSearch;
			productReference = E917DE002C5BE029005C35F1 /* BookSearch.app */;
			productType = "com.apple.product-type.application";
		};
		E917DE152C5BE029005C35F1 /* BookSearchTests */ = {
			isa = PBXNativeTarget;
			buildConfigurationList = E917DE2D2C5BE02A005C35F1 /* Build configuration list for PBXNativeTarget "BookSearchTests" */;
			buildPhases = (
				E917DE122C5BE029005C35F1 /* Sources */,
				E917DE132C5BE029005C35F1 /* Frameworks */,
				E917DE142C5BE029005C35F1 /* Resources */,
			);
			buildRules = (
			);
			dependencies = (
				E917DE182C5BE029005C35F1 /* PBXTargetDependency */,
			);
			name = BookSearchTests;
			productName = BookSearchTests;
			productReference = E917DE162C5BE029005C35F1 /* BookSearchTests.xctest */;
			productType = "com.apple.product-type.bundle.unit-test";
		};
/* End PBXNativeTarget section */

/* Begin PBXProject section */
		E917DDF82C5BE029005C35F1 /* Project object */ = {
			isa = PBXProject;
			attributes = {
				BuildIndependentTargetsInParallel = 1;
				LastSwiftUpdateCheck = 1510;
				LastUpgradeCheck = 1510;
				TargetAttributes = {
					E917DDFF2C5BE029005C35F1 = {
						CreatedOnToolsVersion = 15.1;
					};
					E917DE152C5BE029005C35F1 = {
						CreatedOnToolsVersion = 15.1;
						TestTargetID = E917DDFF2C5BE029005C35F1;
					};
				};
			};
			buildConfigurationList = E917DDFB2C5BE029005C35F1 /* Build configuration list for PBXProject "BookSearch" */;
			compatibilityVersion = "Xcode 14.0";
			developmentRegion = en;
			hasScannedForEncodings = 0;
			knownRegions = (
				en,
				Base,
			);
			mainGroup = E917DDF72C5BE029005C35F1;
			productRefGroup = E917DE012C5BE029005C35F1 /* Products */;
			projectDirPath = "";
			projectRoot = "";
			targets = (
				E917DDFF2C5BE029005C35F1 /* BookSearch */,
				E917DE152C5BE029005C35F1 /* BookSearchTests */,
			);
		};
/* End PBXProject section */

/* Begin PBXResourcesBuildPhase section */
		E917DDFE2C5BE029005C35F1 /* Resources */ = {
			isa = PBXResourcesBuildPhase;
			buildActionMask = 2147483647;
			files = (
				E917DE102C5BE029005C35F1 /* LaunchScreen.storyboard in Resources */,
				E917DE0D2C5BE029005C35F1 /* Assets.xcassets in Resources */,
			);
			runOnlyForDeploymentPostprocessing = 0;
		};
		E917DE142C5BE029005C35F1 /* Resources */ = {
			isa = PBXResourcesBuildPhase;
			buildActionMask = 2147483647;
			files = (
			);
			runOnlyForDeploymentPostprocessing = 0;
		};
/* End PBXResourcesBuildPhase section */

/* Begin PBXSourcesBuildPhase section */
		E917DDFC2C5BE029005C35F1 /* Sources */ = {
			isa = PBXSourcesBuildPhase;
			buildActionMask = 2147483647;
			files = (
				E917DE3F2C5CBA65005C35F1 /* SearchDTO.swift in Sources */,
				E917DE042C5BE029005C35F1 /* AppDelegate.swift in Sources */,
				E917DE062C5BE029005C35F1 /* SceneDelegate.swift in Sources */,
				E9081F7A2C5D465A0086685D /* DetailInteractor.swift in Sources */,
				E9081F3E2C5CD4D00086685D /* HomeInteractor.swift in Sources */,
				E9081F7C2C5D51F30086685D /* DetailRouter.swift in Sources */,
				E9081F572C5CF9880086685D /* MemoryStorage.swift in Sources */,
				E9081F382C5CD2960086685D /* HomeListInteractor.swift in Sources */,
				E917DE482C5CC05E005C35F1 /* DetailDTO.swift in Sources */,
				E9081F6D2C5D32B50086685D /* DetailBuilder.swift in Sources */,
				E917DE3C2C5CB9C0005C35F1 /* BookRepository.swift in Sources */,
				E9081F592C5CFACD0086685D /* DiskStorage.swift in Sources */,
				E917DE462C5CBB8D005C35F1 /* Provider.swift in Sources */,
				E917DE382C5BE2C1005C35F1 /* HomeViewController.swift in Sources */,
				E9081F312C5CD0840086685D /* HomeListView.swift in Sources */,
				E9081F782C5D3BC20086685D /* DetailViewController.swift in Sources */,
				E9081F6A2C5D32710086685D /* HomeRouter.swift in Sources */,
				E9081F552C5CF9390086685D /* CacheStorage.swift in Sources */,
				E9081F682C5D304C0086685D /* Array+Extension.swift in Sources */,
				E9081F2F2C5CCE9A0086685D /* HomeListViewCell.swift in Sources */,
				E9081F362C5CD22E0086685D /* HomeListBuilder.swift in Sources */,
				E9081F532C5CF7EA0086685D /* ImageCache.swift in Sources */,
				E9081F642C5D00350086685D /* ImageLoader.swift in Sources */,
				E917DE422C5CBAEC005C35F1 /* BookApi.swift in Sources */,
				E9081F3C2C5CD47E0086685D /* HomeBuilder.swift in Sources */,
				E9081F412C5CE8940086685D /* Debouncer.swift in Sources */,
				E9081F342C5CD1340086685D /* DefaultLabel.swift in Sources */,
				E917DE442C5CBB0D005C35F1 /* TargetType.swift in Sources */,
			);
			runOnlyForDeploymentPostprocessing = 0;
		};
		E917DE122C5BE029005C35F1 /* Sources */ = {
			isa = PBXSourcesBuildPhase;
			buildActionMask = 2147483647;
			files = (
				E9081F4C2C5CEC500086685D /* BookRepositoryMock.swift in Sources */,
				E9081F762C5D38E90086685D /* HomeRouterTests.swift in Sources */,
				E9081F4E2C5CF0CE0086685D /* DebouncerMock.swift in Sources */,
				E9081F662C5D03770086685D /* ImageLoaderTests.swift in Sources */,
				E9081F292C5CC2560086685D /* MockURLProtocol.swift in Sources */,
				E9081F4A2C5CEBD80086685D /* HomeListInteractorTests.swift in Sources */,
				E9081F262C5CC1FB0086685D /* BookRepositoryTests.swift in Sources */,
				E9081F5E2C5CFCC40086685D /* MemoryStorageTests.swift in Sources */,
				E9081F502C5CF3F90086685D /* DebouncerTests.swift in Sources */,
				E9081F5C2C5CFCA20086685D /* ImageCacheTests.swift in Sources */,
				E9081F602C5CFCEE0086685D /* DiskStorageTests.swift in Sources */,
				E9081F702C5D37580086685D /* HomeViewControllerTests.swift in Sources */,
				E9081F462C5CE8EC0086685D /* HomeListViewTests.swift in Sources */,
				E9081F722C5D37D20086685D /* HomeMock.swift in Sources */,
				E9081F622C5CFD100086685D /* CacheMock.swift in Sources */,
				E9081F742C5D38240086685D /* HomeInteractorTests.swift in Sources */,
				E9081F2B2C5CC5500086685D /* SearchResponseMock.swift in Sources */,
				E9081F482C5CE9F80086685D /* HomeListMock.swift in Sources */,
			);
			runOnlyForDeploymentPostprocessing = 0;
		};
/* End PBXSourcesBuildPhase section */

/* Begin PBXTargetDependency section */
		E917DE182C5BE029005C35F1 /* PBXTargetDependency */ = {
			isa = PBXTargetDependency;
			target = E917DDFF2C5BE029005C35F1 /* BookSearch */;
			targetProxy = E917DE172C5BE029005C35F1 /* PBXContainerItemProxy */;
		};
/* End PBXTargetDependency section */

/* Begin PBXVariantGroup section */
		E917DE0E2C5BE029005C35F1 /* LaunchScreen.storyboard */ = {
			isa = PBXVariantGroup;
			children = (
				E917DE0F2C5BE029005C35F1 /* Base */,
			);
			name = LaunchScreen.storyboard;
			sourceTree = "<group>";
		};
/* End PBXVariantGroup section */

/* Begin XCBuildConfiguration section */
		E917DE282C5BE02A005C35F1 /* Debug */ = {
			isa = XCBuildConfiguration;
			buildSettings = {
				ALWAYS_SEARCH_USER_PATHS = NO;
				ASSETCATALOG_COMPILER_GENERATE_SWIFT_ASSET_SYMBOL_EXTENSIONS = YES;
				CLANG_ANALYZER_NONNULL = YES;
				CLANG_ANALYZER_NUMBER_OBJECT_CONVERSION = YES_AGGRESSIVE;
				CLANG_CXX_LANGUAGE_STANDARD = "gnu++20";
				CLANG_ENABLE_MODULES = YES;
				CLANG_ENABLE_OBJC_ARC = YES;
				CLANG_ENABLE_OBJC_WEAK = YES;
				CLANG_WARN_BLOCK_CAPTURE_AUTORELEASING = YES;
				CLANG_WARN_BOOL_CONVERSION = YES;
				CLANG_WARN_COMMA = YES;
				CLANG_WARN_CONSTANT_CONVERSION = YES;
				CLANG_WARN_DEPRECATED_OBJC_IMPLEMENTATIONS = YES;
				CLANG_WARN_DIRECT_OBJC_ISA_USAGE = YES_ERROR;
				CLANG_WARN_DOCUMENTATION_COMMENTS = YES;
				CLANG_WARN_EMPTY_BODY = YES;
				CLANG_WARN_ENUM_CONVERSION = YES;
				CLANG_WARN_INFINITE_RECURSION = YES;
				CLANG_WARN_INT_CONVERSION = YES;
				CLANG_WARN_NON_LITERAL_NULL_CONVERSION = YES;
				CLANG_WARN_OBJC_IMPLICIT_RETAIN_SELF = YES;
				CLANG_WARN_OBJC_LITERAL_CONVERSION = YES;
				CLANG_WARN_OBJC_ROOT_CLASS = YES_ERROR;
				CLANG_WARN_QUOTED_INCLUDE_IN_FRAMEWORK_HEADER = YES;
				CLANG_WARN_RANGE_LOOP_ANALYSIS = YES;
				CLANG_WARN_STRICT_PROTOTYPES = YES;
				CLANG_WARN_SUSPICIOUS_MOVE = YES;
				CLANG_WARN_UNGUARDED_AVAILABILITY = YES_AGGRESSIVE;
				CLANG_WARN_UNREACHABLE_CODE = YES;
				CLANG_WARN__DUPLICATE_METHOD_MATCH = YES;
				COPY_PHASE_STRIP = NO;
				DEBUG_INFORMATION_FORMAT = dwarf;
				ENABLE_STRICT_OBJC_MSGSEND = YES;
				ENABLE_TESTABILITY = YES;
				ENABLE_USER_SCRIPT_SANDBOXING = YES;
				GCC_C_LANGUAGE_STANDARD = gnu17;
				GCC_DYNAMIC_NO_PIC = NO;
				GCC_NO_COMMON_BLOCKS = YES;
				GCC_OPTIMIZATION_LEVEL = 0;
				GCC_PREPROCESSOR_DEFINITIONS = (
					"DEBUG=1",
					"$(inherited)",
				);
				GCC_WARN_64_TO_32_BIT_CONVERSION = YES;
				GCC_WARN_ABOUT_RETURN_TYPE = YES_ERROR;
				GCC_WARN_UNDECLARED_SELECTOR = YES;
				GCC_WARN_UNINITIALIZED_AUTOS = YES_AGGRESSIVE;
				GCC_WARN_UNUSED_FUNCTION = YES;
				GCC_WARN_UNUSED_VARIABLE = YES;
				IPHONEOS_DEPLOYMENT_TARGET = 15.0;
				LOCALIZATION_PREFERS_STRING_CATALOGS = YES;
				MTL_ENABLE_DEBUG_INFO = INCLUDE_SOURCE;
				MTL_FAST_MATH = YES;
				ONLY_ACTIVE_ARCH = YES;
				SDKROOT = iphoneos;
				SWIFT_ACTIVE_COMPILATION_CONDITIONS = "DEBUG $(inherited)";
				SWIFT_OPTIMIZATION_LEVEL = "-Onone";
			};
			name = Debug;
		};
		E917DE292C5BE02A005C35F1 /* Release */ = {
			isa = XCBuildConfiguration;
			buildSettings = {
				ALWAYS_SEARCH_USER_PATHS = NO;
				ASSETCATALOG_COMPILER_GENERATE_SWIFT_ASSET_SYMBOL_EXTENSIONS = YES;
				CLANG_ANALYZER_NONNULL = YES;
				CLANG_ANALYZER_NUMBER_OBJECT_CONVERSION = YES_AGGRESSIVE;
				CLANG_CXX_LANGUAGE_STANDARD = "gnu++20";
				CLANG_ENABLE_MODULES = YES;
				CLANG_ENABLE_OBJC_ARC = YES;
				CLANG_ENABLE_OBJC_WEAK = YES;
				CLANG_WARN_BLOCK_CAPTURE_AUTORELEASING = YES;
				CLANG_WARN_BOOL_CONVERSION = YES;
				CLANG_WARN_COMMA = YES;
				CLANG_WARN_CONSTANT_CONVERSION = YES;
				CLANG_WARN_DEPRECATED_OBJC_IMPLEMENTATIONS = YES;
				CLANG_WARN_DIRECT_OBJC_ISA_USAGE = YES_ERROR;
				CLANG_WARN_DOCUMENTATION_COMMENTS = YES;
				CLANG_WARN_EMPTY_BODY = YES;
				CLANG_WARN_ENUM_CONVERSION = YES;
				CLANG_WARN_INFINITE_RECURSION = YES;
				CLANG_WARN_INT_CONVERSION = YES;
				CLANG_WARN_NON_LITERAL_NULL_CONVERSION = YES;
				CLANG_WARN_OBJC_IMPLICIT_RETAIN_SELF = YES;
				CLANG_WARN_OBJC_LITERAL_CONVERSION = YES;
				CLANG_WARN_OBJC_ROOT_CLASS = YES_ERROR;
				CLANG_WARN_QUOTED_INCLUDE_IN_FRAMEWORK_HEADER = YES;
				CLANG_WARN_RANGE_LOOP_ANALYSIS = YES;
				CLANG_WARN_STRICT_PROTOTYPES = YES;
				CLANG_WARN_SUSPICIOUS_MOVE = YES;
				CLANG_WARN_UNGUARDED_AVAILABILITY = YES_AGGRESSIVE;
				CLANG_WARN_UNREACHABLE_CODE = YES;
				CLANG_WARN__DUPLICATE_METHOD_MATCH = YES;
				COPY_PHASE_STRIP = NO;
				DEBUG_INFORMATION_FORMAT = "dwarf-with-dsym";
				ENABLE_NS_ASSERTIONS = NO;
				ENABLE_STRICT_OBJC_MSGSEND = YES;
				ENABLE_USER_SCRIPT_SANDBOXING = YES;
				GCC_C_LANGUAGE_STANDARD = gnu17;
				GCC_NO_COMMON_BLOCKS = YES;
				GCC_WARN_64_TO_32_BIT_CONVERSION = YES;
				GCC_WARN_ABOUT_RETURN_TYPE = YES_ERROR;
				GCC_WARN_UNDECLARED_SELECTOR = YES;
				GCC_WARN_UNINITIALIZED_AUTOS = YES_AGGRESSIVE;
				GCC_WARN_UNUSED_FUNCTION = YES;
				GCC_WARN_UNUSED_VARIABLE = YES;
				IPHONEOS_DEPLOYMENT_TARGET = 15.0;
				LOCALIZATION_PREFERS_STRING_CATALOGS = YES;
				MTL_ENABLE_DEBUG_INFO = NO;
				MTL_FAST_MATH = YES;
				SDKROOT = iphoneos;
				SWIFT_COMPILATION_MODE = wholemodule;
				VALIDATE_PRODUCT = YES;
			};
			name = Release;
		};
		E917DE2B2C5BE02A005C35F1 /* Debug */ = {
			isa = XCBuildConfiguration;
			buildSettings = {
				ASSETCATALOG_COMPILER_APPICON_NAME = AppIcon;
				ASSETCATALOG_COMPILER_GLOBAL_ACCENT_COLOR_NAME = AccentColor;
				CODE_SIGN_STYLE = Automatic;
				CURRENT_PROJECT_VERSION = 1;
				DEVELOPMENT_TEAM = 7T8JF3V3RR;
				GENERATE_INFOPLIST_FILE = YES;
				INFOPLIST_FILE = BookSearch/Info.plist;
				INFOPLIST_KEY_UIApplicationSupportsIndirectInputEvents = YES;
				INFOPLIST_KEY_UILaunchStoryboardName = LaunchScreen;
				INFOPLIST_KEY_UISupportedInterfaceOrientations_iPad = "UIInterfaceOrientationPortrait UIInterfaceOrientationPortraitUpsideDown UIInterfaceOrientationLandscapeLeft UIInterfaceOrientationLandscapeRight";
				INFOPLIST_KEY_UISupportedInterfaceOrientations_iPhone = "UIInterfaceOrientationPortrait UIInterfaceOrientationLandscapeLeft UIInterfaceOrientationLandscapeRight";
				LD_RUNPATH_SEARCH_PATHS = (
					"$(inherited)",
					"@executable_path/Frameworks",
				);
				MARKETING_VERSION = 1.0;
				PRODUCT_BUNDLE_IDENTIFIER = com.minan.BookSearch;
				PRODUCT_NAME = "$(TARGET_NAME)";
				SWIFT_EMIT_LOC_STRINGS = YES;
				SWIFT_VERSION = 5.0;
				TARGETED_DEVICE_FAMILY = "1,2";
			};
			name = Debug;
		};
		E917DE2C2C5BE02A005C35F1 /* Release */ = {
			isa = XCBuildConfiguration;
			buildSettings = {
				ASSETCATALOG_COMPILER_APPICON_NAME = AppIcon;
				ASSETCATALOG_COMPILER_GLOBAL_ACCENT_COLOR_NAME = AccentColor;
				CODE_SIGN_STYLE = Automatic;
				CURRENT_PROJECT_VERSION = 1;
				DEVELOPMENT_TEAM = 7T8JF3V3RR;
				GENERATE_INFOPLIST_FILE = YES;
				INFOPLIST_FILE = BookSearch/Info.plist;
				INFOPLIST_KEY_UIApplicationSupportsIndirectInputEvents = YES;
				INFOPLIST_KEY_UILaunchStoryboardName = LaunchScreen;
				INFOPLIST_KEY_UISupportedInterfaceOrientations_iPad = "UIInterfaceOrientationPortrait UIInterfaceOrientationPortraitUpsideDown UIInterfaceOrientationLandscapeLeft UIInterfaceOrientationLandscapeRight";
				INFOPLIST_KEY_UISupportedInterfaceOrientations_iPhone = "UIInterfaceOrientationPortrait UIInterfaceOrientationLandscapeLeft UIInterfaceOrientationLandscapeRight";
				LD_RUNPATH_SEARCH_PATHS = (
					"$(inherited)",
					"@executable_path/Frameworks",
				);
				MARKETING_VERSION = 1.0;
				PRODUCT_BUNDLE_IDENTIFIER = com.minan.BookSearch;
				PRODUCT_NAME = "$(TARGET_NAME)";
				SWIFT_EMIT_LOC_STRINGS = YES;
				SWIFT_VERSION = 5.0;
				TARGETED_DEVICE_FAMILY = "1,2";
			};
			name = Release;
		};
		E917DE2E2C5BE02A005C35F1 /* Debug */ = {
			isa = XCBuildConfiguration;
			buildSettings = {
				ALWAYS_EMBED_SWIFT_STANDARD_LIBRARIES = YES;
				BUNDLE_LOADER = "$(TEST_HOST)";
				CODE_SIGN_STYLE = Automatic;
				CURRENT_PROJECT_VERSION = 1;
				DEVELOPMENT_TEAM = 7T8JF3V3RR;
				GENERATE_INFOPLIST_FILE = YES;
				IPHONEOS_DEPLOYMENT_TARGET = 17.2;
				MARKETING_VERSION = 1.0;
				PRODUCT_BUNDLE_IDENTIFIER = com.minan.BookSearchTests;
				PRODUCT_NAME = "$(TARGET_NAME)";
				SWIFT_EMIT_LOC_STRINGS = NO;
				SWIFT_VERSION = 5.0;
				TARGETED_DEVICE_FAMILY = "1,2";
				TEST_HOST = "$(BUILT_PRODUCTS_DIR)/BookSearch.app/$(BUNDLE_EXECUTABLE_FOLDER_PATH)/BookSearch";
			};
			name = Debug;
		};
		E917DE2F2C5BE02A005C35F1 /* Release */ = {
			isa = XCBuildConfiguration;
			buildSettings = {
				ALWAYS_EMBED_SWIFT_STANDARD_LIBRARIES = YES;
				BUNDLE_LOADER = "$(TEST_HOST)";
				CODE_SIGN_STYLE = Automatic;
				CURRENT_PROJECT_VERSION = 1;
				DEVELOPMENT_TEAM = 7T8JF3V3RR;
				GENERATE_INFOPLIST_FILE = YES;
				IPHONEOS_DEPLOYMENT_TARGET = 17.2;
				MARKETING_VERSION = 1.0;
				PRODUCT_BUNDLE_IDENTIFIER = com.minan.BookSearchTests;
				PRODUCT_NAME = "$(TARGET_NAME)";
				SWIFT_EMIT_LOC_STRINGS = NO;
				SWIFT_VERSION = 5.0;
				TARGETED_DEVICE_FAMILY = "1,2";
				TEST_HOST = "$(BUILT_PRODUCTS_DIR)/BookSearch.app/$(BUNDLE_EXECUTABLE_FOLDER_PATH)/BookSearch";
			};
			name = Release;
		};
/* End XCBuildConfiguration section */

/* Begin XCConfigurationList section */
		E917DDFB2C5BE029005C35F1 /* Build configuration list for PBXProject "BookSearch" */ = {
			isa = XCConfigurationList;
			buildConfigurations = (
				E917DE282C5BE02A005C35F1 /* Debug */,
				E917DE292C5BE02A005C35F1 /* Release */,
			);
			defaultConfigurationIsVisible = 0;
			defaultConfigurationName = Release;
		};
		E917DE2A2C5BE02A005C35F1 /* Build configuration list for PBXNativeTarget "BookSearch" */ = {
			isa = XCConfigurationList;
			buildConfigurations = (
				E917DE2B2C5BE02A005C35F1 /* Debug */,
				E917DE2C2C5BE02A005C35F1 /* Release */,
			);
			defaultConfigurationIsVisible = 0;
			defaultConfigurationName = Release;
		};
		E917DE2D2C5BE02A005C35F1 /* Build configuration list for PBXNativeTarget "BookSearchTests" */ = {
			isa = XCConfigurationList;
			buildConfigurations = (
				E917DE2E2C5BE02A005C35F1 /* Debug */,
				E917DE2F2C5BE02A005C35F1 /* Release */,
			);
			defaultConfigurationIsVisible = 0;
			defaultConfigurationName = Release;
		};
/* End XCConfigurationList section */
	};
	rootObject = E917DDF82C5BE029005C35F1 /* Project object */;
}
